// !$*UTF8*$!
{
	archiveVersion = 1;
	classes = {
	};
	objectVersion = 77;
	objects = {

/* Begin PBXBuildFile section */
		690614692D1BCB4B009C46CC /* GoogleSignIn in Frameworks */ = {isa = PBXBuildFile; productRef = 690614682D1BCB4B009C46CC /* GoogleSignIn */; };
		6906146B2D1BCB4B009C46CC /* GoogleSignInSwift in Frameworks */ = {isa = PBXBuildFile; productRef = 6906146A2D1BCB4B009C46CC /* GoogleSignInSwift */; };
		697BA6422D1AFD0A0069BBC6 /* SDWebImage in Frameworks */ = {isa = PBXBuildFile; productRef = 697BA6412D1AFD0A0069BBC6 /* SDWebImage */; };
		69920BA72D1B33E900E91365 /* JGProgressHUD in Frameworks */ = {isa = PBXBuildFile; productRef = 69920BA62D1B33E900E91365 /* JGProgressHUD */; };
		69AEA4212D19BF970007F806 /* FirebaseAuth in Frameworks */ = {isa = PBXBuildFile; productRef = 69AEA4202D19BF970007F806 /* FirebaseAuth */; };
		69AEA4232D19BF970007F806 /* FirebaseCore in Frameworks */ = {isa = PBXBuildFile; productRef = 69AEA4222D19BF970007F806 /* FirebaseCore */; };
		69AEA4252D19BF970007F806 /* FirebaseDatabase in Frameworks */ = {isa = PBXBuildFile; productRef = 69AEA4242D19BF970007F806 /* FirebaseDatabase */; };
		69AEA4272D19BF970007F806 /* FirebaseFirestore in Frameworks */ = {isa = PBXBuildFile; productRef = 69AEA4262D19BF970007F806 /* FirebaseFirestore */; };
		69AEA4292D19BF970007F806 /* FirebaseInAppMessaging-Beta in Frameworks */ = {isa = PBXBuildFile; productRef = 69AEA4282D19BF970007F806 /* FirebaseInAppMessaging-Beta */; };
		69AEA42B2D19BF970007F806 /* FirebaseMessaging in Frameworks */ = {isa = PBXBuildFile; productRef = 69AEA42A2D19BF970007F806 /* FirebaseMessaging */; };
		69AEA42D2D19BF970007F806 /* FirebaseStorage in Frameworks */ = {isa = PBXBuildFile; productRef = 69AEA42C2D19BF970007F806 /* FirebaseStorage */; };
/* End PBXBuildFile section */

/* Begin PBXFileReference section */
		690EAAE42D15276600411DCB /* ChatAppSB.app */ = {isa = PBXFileReference; explicitFileType = wrapper.application; includeInIndex = 0; path = ChatAppSB.app; sourceTree = BUILT_PRODUCTS_DIR; };
/* End PBXFileReference section */

/* Begin PBXFileSystemSynchronizedBuildFileExceptionSet section */
		690EAAF62D15276900411DCB /* Exceptions for "ChatAppSB" folder in "ChatAppSB" target */ = {
			isa = PBXFileSystemSynchronizedBuildFileExceptionSet;
			membershipExceptions = (
				Support/Info.plist,
				Support/ViewController.swift,
			);
			target = 690EAAE32D15276600411DCB /* ChatAppSB */;
		};
/* End PBXFileSystemSynchronizedBuildFileExceptionSet section */

/* Begin PBXFileSystemSynchronizedRootGroup section */
		690EAAE62D15276600411DCB /* ChatAppSB */ = {
			isa = PBXFileSystemSynchronizedRootGroup;
			exceptions = (
				690EAAF62D15276900411DCB /* Exceptions for "ChatAppSB" folder in "ChatAppSB" target */,
			);
			path = ChatAppSB;
			sourceTree = "<group>";
		};
/* End PBXFileSystemSynchronizedRootGroup section */

/* Begin PBXFrameworksBuildPhase section */
		690EAAE12D15276600411DCB /* Frameworks */ = {
			isa = PBXFrameworksBuildPhase;
			buildActionMask = 2147483647;
			files = (
				69AEA42B2D19BF970007F806 /* FirebaseMessaging in Frameworks */,
				69AEA4252D19BF970007F806 /* FirebaseDatabase in Frameworks */,
				69AEA4272D19BF970007F806 /* FirebaseFirestore in Frameworks */,
				69AEA4232D19BF970007F806 /* FirebaseCore in Frameworks */,
				69AEA42D2D19BF970007F806 /* FirebaseStorage in Frameworks */,
				690614692D1BCB4B009C46CC /* GoogleSignIn in Frameworks */,
				697BA6422D1AFD0A0069BBC6 /* SDWebImage in Frameworks */,
				69AEA4212D19BF970007F806 /* FirebaseAuth in Frameworks */,
				69920BA72D1B33E900E91365 /* JGProgressHUD in Frameworks */,
				69AEA4292D19BF970007F806 /* FirebaseInAppMessaging-Beta in Frameworks */,
				6906146B2D1BCB4B009C46CC /* GoogleSignInSwift in Frameworks */,
			);
			runOnlyForDeploymentPostprocessing = 0;
		};
/* End PBXFrameworksBuildPhase section */

/* Begin PBXGroup section */
		690EAADB2D15276600411DCB = {
			isa = PBXGroup;
			children = (
				690EAAE62D15276600411DCB /* ChatAppSB */,
				690EAAE52D15276600411DCB /* Products */,
			);
			sourceTree = "<group>";
		};
		690EAAE52D15276600411DCB /* Products */ = {
			isa = PBXGroup;
			children = (
				690EAAE42D15276600411DCB /* ChatAppSB.app */,
			);
			name = Products;
			sourceTree = "<group>";
		};
/* End PBXGroup section */

/* Begin PBXNativeTarget section */
		690EAAE32D15276600411DCB /* ChatAppSB */ = {
			isa = PBXNativeTarget;
			buildConfigurationList = 690EAAF72D15276900411DCB /* Build configuration list for PBXNativeTarget "ChatAppSB" */;
			buildPhases = (
				690EAAE02D15276600411DCB /* Sources */,
				690EAAE12D15276600411DCB /* Frameworks */,
				690EAAE22D15276600411DCB /* Resources */,
			);
			buildRules = (
			);
			dependencies = (
				698A21D72D1B03A000123CE3 /* PBXTargetDependency */,
				698A21D92D1B03A000123CE3 /* PBXTargetDependency */,
				698A21DB2D1B03A000123CE3 /* PBXTargetDependency */,
				698A21DD2D1B03A000123CE3 /* PBXTargetDependency */,
				698A21DF2D1B03A000123CE3 /* PBXTargetDependency */,
				698A21E12D1B03A000123CE3 /* PBXTargetDependency */,
				698A21E32D1B03A000123CE3 /* PBXTargetDependency */,
				698A21E52D1B03A000123CE3 /* PBXTargetDependency */,
				698A21E72D1B03A000123CE3 /* PBXTargetDependency */,
				698A21E92D1B03A000123CE3 /* PBXTargetDependency */,
				698A21EB2D1B03A000123CE3 /* PBXTargetDependency */,
				698A21ED2D1B03A000123CE3 /* PBXTargetDependency */,
				698A21EF2D1B03A000123CE3 /* PBXTargetDependency */,
				698A21F12D1B03A000123CE3 /* PBXTargetDependency */,
				698A21F32D1B03A000123CE3 /* PBXTargetDependency */,
				698A21F52D1B03A000123CE3 /* PBXTargetDependency */,
				698A21F72D1B03A000123CE3 /* PBXTargetDependency */,
				698A21F92D1B03A000123CE3 /* PBXTargetDependency */,
				698A21FB2D1B03A000123CE3 /* PBXTargetDependency */,
				698A21FD2D1B03A000123CE3 /* PBXTargetDependency */,
				698A21FF2D1B03A000123CE3 /* PBXTargetDependency */,
				698A22012D1B03A000123CE3 /* PBXTargetDependency */,
				698A22032D1B03A000123CE3 /* PBXTargetDependency */,
				698A22072D1B03A000123CE3 /* PBXTargetDependency */,
				698A22092D1B03A000123CE3 /* PBXTargetDependency */,
				698A21D52D1B039900123CE3 /* PBXTargetDependency */,
			);
			fileSystemSynchronizedGroups = (
				690EAAE62D15276600411DCB /* ChatAppSB */,
			);
			name = ChatAppSB;
			packageProductDependencies = (
				69AEA4202D19BF970007F806 /* FirebaseAuth */,
				69AEA4222D19BF970007F806 /* FirebaseCore */,
				69AEA4242D19BF970007F806 /* FirebaseDatabase */,
				69AEA4262D19BF970007F806 /* FirebaseFirestore */,
				69AEA4282D19BF970007F806 /* FirebaseInAppMessaging-Beta */,
				69AEA42A2D19BF970007F806 /* FirebaseMessaging */,
				69AEA42C2D19BF970007F806 /* FirebaseStorage */,
				697BA6412D1AFD0A0069BBC6 /* SDWebImage */,
				69920BA62D1B33E900E91365 /* JGProgressHUD */,
				690614682D1BCB4B009C46CC /* GoogleSignIn */,
				6906146A2D1BCB4B009C46CC /* GoogleSignInSwift */,
			);
			productName = ChatAppSB;
			productReference = 690EAAE42D15276600411DCB /* ChatAppSB.app */;
			productType = "com.apple.product-type.application";
		};
/* End PBXNativeTarget section */

/* Begin PBXProject section */
		690EAADC2D15276600411DCB /* Project object */ = {
			isa = PBXProject;
			attributes = {
				BuildIndependentTargetsInParallel = 1;
				LastSwiftUpdateCheck = 1610;
				LastUpgradeCheck = 1610;
				TargetAttributes = {
					690EAAE32D15276600411DCB = {
						CreatedOnToolsVersion = 16.1;
					};
				};
			};
			buildConfigurationList = 690EAADF2D15276600411DCB /* Build configuration list for PBXProject "ChatAppSB" */;
			developmentRegion = en;
			hasScannedForEncodings = 0;
			knownRegions = (
				en,
				Base,
			);
			mainGroup = 690EAADB2D15276600411DCB;
			minimizedProjectReferenceProxies = 1;
			packageReferences = (
				69AEA41F2D19BF970007F806 /* XCRemoteSwiftPackageReference "firebase-ios-sdk" */,
				697BA6402D1AFD0A0069BBC6 /* XCRemoteSwiftPackageReference "SDWebImage" */,
				69920BA52D1B33E900E91365 /* XCRemoteSwiftPackageReference "JGProgressHUD" */,
				690614672D1BCB4B009C46CC /* XCRemoteSwiftPackageReference "GoogleSignIn-iOS" */,
			);
			preferredProjectObjectVersion = 77;
			productRefGroup = 690EAAE52D15276600411DCB /* Products */;
			projectDirPath = "";
			projectRoot = "";
			targets = (
				690EAAE32D15276600411DCB /* ChatAppSB */,
			);
		};
/* End PBXProject section */

/* Begin PBXResourcesBuildPhase section */
		690EAAE22D15276600411DCB /* Resources */ = {
			isa = PBXResourcesBuildPhase;
			buildActionMask = 2147483647;
			files = (
			);
			runOnlyForDeploymentPostprocessing = 0;
		};
/* End PBXResourcesBuildPhase section */

/* Begin PBXSourcesBuildPhase section */
		690EAAE02D15276600411DCB /* Sources */ = {
			isa = PBXSourcesBuildPhase;
			buildActionMask = 2147483647;
			files = (
			);
			runOnlyForDeploymentPostprocessing = 0;
		};
/* End PBXSourcesBuildPhase section */

/* Begin PBXTargetDependency section */
		698A21D52D1B039900123CE3 /* PBXTargetDependency */ = {
			isa = PBXTargetDependency;
			productRef = 698A21D42D1B039900123CE3 /* FirebaseAnalytics */;
		};
		698A21D72D1B03A000123CE3 /* PBXTargetDependency */ = {
			isa = PBXTargetDependency;
			productRef = 698A21D62D1B03A000123CE3 /* FirebaseAnalyticsOnDeviceConversion */;
		};
		698A21D92D1B03A000123CE3 /* PBXTargetDependency */ = {
			isa = PBXTargetDependency;
			productRef = 698A21D82D1B03A000123CE3 /* FirebaseAnalyticsWithoutAdIdSupport */;
		};
		698A21DB2D1B03A000123CE3 /* PBXTargetDependency */ = {
			isa = PBXTargetDependency;
			productRef = 698A21DA2D1B03A000123CE3 /* FirebaseAppCheck */;
		};
		698A21DD2D1B03A000123CE3 /* PBXTargetDependency */ = {
			isa = PBXTargetDependency;
			productRef = 698A21DC2D1B03A000123CE3 /* FirebaseAppDistribution-Beta */;
		};
		698A21DF2D1B03A000123CE3 /* PBXTargetDependency */ = {
			isa = PBXTargetDependency;
			productRef = 698A21DE2D1B03A000123CE3 /* FirebaseAuth */;
		};
		698A21E12D1B03A000123CE3 /* PBXTargetDependency */ = {
			isa = PBXTargetDependency;
			productRef = 698A21E02D1B03A000123CE3 /* FirebaseAuthCombine-Community */;
		};
		698A21E32D1B03A000123CE3 /* PBXTargetDependency */ = {
			isa = PBXTargetDependency;
			productRef = 698A21E22D1B03A000123CE3 /* FirebaseCore */;
		};
		698A21E52D1B03A000123CE3 /* PBXTargetDependency */ = {
			isa = PBXTargetDependency;
			productRef = 698A21E42D1B03A000123CE3 /* FirebaseCrashlytics */;
		};
		698A21E72D1B03A000123CE3 /* PBXTargetDependency */ = {
			isa = PBXTargetDependency;
			productRef = 698A21E62D1B03A000123CE3 /* FirebaseDatabase */;
		};
		698A21E92D1B03A000123CE3 /* PBXTargetDependency */ = {
			isa = PBXTargetDependency;
			productRef = 698A21E82D1B03A000123CE3 /* FirebaseDynamicLinks */;
		};
		698A21EB2D1B03A000123CE3 /* PBXTargetDependency */ = {
			isa = PBXTargetDependency;
			productRef = 698A21EA2D1B03A000123CE3 /* FirebaseFirestore */;
		};
		698A21ED2D1B03A000123CE3 /* PBXTargetDependency */ = {
			isa = PBXTargetDependency;
			productRef = 698A21EC2D1B03A000123CE3 /* FirebaseFirestoreCombine-Community */;
		};
		698A21EF2D1B03A000123CE3 /* PBXTargetDependency */ = {
			isa = PBXTargetDependency;
			productRef = 698A21EE2D1B03A000123CE3 /* FirebaseFunctions */;
		};
		698A21F12D1B03A000123CE3 /* PBXTargetDependency */ = {
			isa = PBXTargetDependency;
			productRef = 698A21F02D1B03A000123CE3 /* FirebaseFunctionsCombine-Community */;
		};
		698A21F32D1B03A000123CE3 /* PBXTargetDependency */ = {
			isa = PBXTargetDependency;
			productRef = 698A21F22D1B03A000123CE3 /* FirebaseInAppMessaging-Beta */;
		};
		698A21F52D1B03A000123CE3 /* PBXTargetDependency */ = {
			isa = PBXTargetDependency;
			productRef = 698A21F42D1B03A000123CE3 /* FirebaseInstallations */;
		};
		698A21F72D1B03A000123CE3 /* PBXTargetDependency */ = {
			isa = PBXTargetDependency;
			productRef = 698A21F62D1B03A000123CE3 /* FirebaseMLModelDownloader */;
		};
		698A21F92D1B03A000123CE3 /* PBXTargetDependency */ = {
			isa = PBXTargetDependency;
			productRef = 698A21F82D1B03A000123CE3 /* FirebaseMessaging */;
		};
		698A21FB2D1B03A000123CE3 /* PBXTargetDependency */ = {
			isa = PBXTargetDependency;
			productRef = 698A21FA2D1B03A000123CE3 /* FirebasePerformance */;
		};
		698A21FD2D1B03A000123CE3 /* PBXTargetDependency */ = {
			isa = PBXTargetDependency;
			productRef = 698A21FC2D1B03A000123CE3 /* FirebaseRemoteConfig */;
		};
		698A21FF2D1B03A000123CE3 /* PBXTargetDependency */ = {
			isa = PBXTargetDependency;
			productRef = 698A21FE2D1B03A000123CE3 /* FirebaseStorage */;
		};
		698A22012D1B03A000123CE3 /* PBXTargetDependency */ = {
			isa = PBXTargetDependency;
			productRef = 698A22002D1B03A000123CE3 /* FirebaseStorageCombine-Community */;
		};
		698A22032D1B03A000123CE3 /* PBXTargetDependency */ = {
			isa = PBXTargetDependency;
			productRef = 698A22022D1B03A000123CE3 /* FirebaseVertexAI */;
		};
		698A22072D1B03A000123CE3 /* PBXTargetDependency */ = {
			isa = PBXTargetDependency;
			productRef = 698A22062D1B03A000123CE3 /* SDWebImage */;
		};
		698A22092D1B03A000123CE3 /* PBXTargetDependency */ = {
			isa = PBXTargetDependency;
			productRef = 698A22082D1B03A000123CE3 /* SDWebImageMapKit */;
		};
/* End PBXTargetDependency section */

/* Begin XCBuildConfiguration section */
		690EAAF82D15276900411DCB /* Debug */ = {
			isa = XCBuildConfiguration;
			buildSettings = {
				ASSETCATALOG_COMPILER_APPICON_NAME = AppIcon;
				ASSETCATALOG_COMPILER_GLOBAL_ACCENT_COLOR_NAME = AccentColor;
				CODE_SIGN_STYLE = Automatic;
				CURRENT_PROJECT_VERSION = 1;
				DEVELOPMENT_TEAM = "";
				GENERATE_INFOPLIST_FILE = YES;
				INFOPLIST_FILE = ChatAppSB/Support/Info.plist;
				INFOPLIST_KEY_UIApplicationSupportsIndirectInputEvents = YES;
				INFOPLIST_KEY_UILaunchStoryboardName = LaunchScreen;
				INFOPLIST_KEY_UIMainStoryboardFile = Main;
				INFOPLIST_KEY_UISupportedInterfaceOrientations_iPad = "UIInterfaceOrientationPortrait UIInterfaceOrientationPortraitUpsideDown UIInterfaceOrientationLandscapeLeft UIInterfaceOrientationLandscapeRight";
				INFOPLIST_KEY_UISupportedInterfaceOrientations_iPhone = "UIInterfaceOrientationPortrait UIInterfaceOrientationLandscapeLeft UIInterfaceOrientationLandscapeRight";
				IPHONEOS_DEPLOYMENT_TARGET = 17.4;
				LD_RUNPATH_SEARCH_PATHS = (
					"$(inherited)",
					"@executable_path/Frameworks",
				);
				MARKETING_VERSION = 1.0;
				PRODUCT_BUNDLE_IDENTIFIER = test.ChatAppSB;
				PRODUCT_NAME = "$(TARGET_NAME)";
				SWIFT_EMIT_LOC_STRINGS = YES;
				SWIFT_VERSION = 5.0;
				TARGETED_DEVICE_FAMILY = "1,2";
			};
			name = Debug;
		};
		690EAAF92D15276900411DCB /* Release */ = {
			isa = XCBuildConfiguration;
			buildSettings = {
				ASSETCATALOG_COMPILER_APPICON_NAME = AppIcon;
				ASSETCATALOG_COMPILER_GLOBAL_ACCENT_COLOR_NAME = AccentColor;
				CODE_SIGN_STYLE = Automatic;
				CURRENT_PROJECT_VERSION = 1;
				DEVELOPMENT_TEAM = AQAGJQ52MF;
				GENERATE_INFOPLIST_FILE = YES;
				INFOPLIST_FILE = ChatAppSB/Support/Info.plist;
				INFOPLIST_KEY_UIApplicationSupportsIndirectInputEvents = YES;
				INFOPLIST_KEY_UILaunchStoryboardName = LaunchScreen;
				INFOPLIST_KEY_UIMainStoryboardFile = Main;
				INFOPLIST_KEY_UISupportedInterfaceOrientations_iPad = "UIInterfaceOrientationPortrait UIInterfaceOrientationPortraitUpsideDown UIInterfaceOrientationLandscapeLeft UIInterfaceOrientationLandscapeRight";
				INFOPLIST_KEY_UISupportedInterfaceOrientations_iPhone = "UIInterfaceOrientationPortrait UIInterfaceOrientationLandscapeLeft UIInterfaceOrientationLandscapeRight";
				IPHONEOS_DEPLOYMENT_TARGET = 17.4;
				LD_RUNPATH_SEARCH_PATHS = (
					"$(inherited)",
					"@executable_path/Frameworks",
				);
				MARKETING_VERSION = 1.0;
				PRODUCT_BUNDLE_IDENTIFIER = test.ChatAppSB;
				PRODUCT_NAME = "$(TARGET_NAME)";
				SWIFT_EMIT_LOC_STRINGS = YES;
				SWIFT_VERSION = 5.0;
				TARGETED_DEVICE_FAMILY = "1,2";
			};
			name = Release;
		};
		690EAAFA2D15276900411DCB /* Debug */ = {
			isa = XCBuildConfiguration;
			buildSettings = {
				ALWAYS_SEARCH_USER_PATHS = NO;
				ASSETCATALOG_COMPILER_GENERATE_SWIFT_ASSET_SYMBOL_EXTENSIONS = YES;
				CLANG_ANALYZER_NONNULL = YES;
				CLANG_ANALYZER_NUMBER_OBJECT_CONVERSION = YES_AGGRESSIVE;
				CLANG_CXX_LANGUAGE_STANDARD = "gnu++20";
				CLANG_ENABLE_MODULES = YES;
				CLANG_ENABLE_OBJC_ARC = YES;
				CLANG_ENABLE_OBJC_WEAK = YES;
				CLANG_WARN_BLOCK_CAPTURE_AUTORELEASING = YES;
				CLANG_WARN_BOOL_CONVERSION = YES;
				CLANG_WARN_COMMA = YES;
				CLANG_WARN_CONSTANT_CONVERSION = YES;
				CLANG_WARN_DEPRECATED_OBJC_IMPLEMENTATIONS = YES;
				CLANG_WARN_DIRECT_OBJC_ISA_USAGE = YES_ERROR;
				CLANG_WARN_DOCUMENTATION_COMMENTS = YES;
				CLANG_WARN_EMPTY_BODY = YES;
				CLANG_WARN_ENUM_CONVERSION = YES;
				CLANG_WARN_INFINITE_RECURSION = YES;
				CLANG_WARN_INT_CONVERSION = YES;
				CLANG_WARN_NON_LITERAL_NULL_CONVERSION = YES;
				CLANG_WARN_OBJC_IMPLICIT_RETAIN_SELF = YES;
				CLANG_WARN_OBJC_LITERAL_CONVERSION = YES;
				CLANG_WARN_OBJC_ROOT_CLASS = YES_ERROR;
				CLANG_WARN_QUOTED_INCLUDE_IN_FRAMEWORK_HEADER = YES;
				CLANG_WARN_RANGE_LOOP_ANALYSIS = YES;
				CLANG_WARN_STRICT_PROTOTYPES = YES;
				CLANG_WARN_SUSPICIOUS_MOVE = YES;
				CLANG_WARN_UNGUARDED_AVAILABILITY = YES_AGGRESSIVE;
				CLANG_WARN_UNREACHABLE_CODE = YES;
				CLANG_WARN__DUPLICATE_METHOD_MATCH = YES;
				COPY_PHASE_STRIP = NO;
				DEBUG_INFORMATION_FORMAT = dwarf;
				ENABLE_STRICT_OBJC_MSGSEND = YES;
				ENABLE_TESTABILITY = YES;
				ENABLE_USER_SCRIPT_SANDBOXING = YES;
				GCC_C_LANGUAGE_STANDARD = gnu17;
				GCC_DYNAMIC_NO_PIC = NO;
				GCC_NO_COMMON_BLOCKS = YES;
				GCC_OPTIMIZATION_LEVEL = 0;
				GCC_PREPROCESSOR_DEFINITIONS = (
					"DEBUG=1",
					"$(inherited)",
				);
				GCC_WARN_64_TO_32_BIT_CONVERSION = YES;
				GCC_WARN_ABOUT_RETURN_TYPE = YES_ERROR;
				GCC_WARN_UNDECLARED_SELECTOR = YES;
				GCC_WARN_UNINITIALIZED_AUTOS = YES_AGGRESSIVE;
				GCC_WARN_UNUSED_FUNCTION = YES;
				GCC_WARN_UNUSED_VARIABLE = YES;
				IPHONEOS_DEPLOYMENT_TARGET = 18.1;
				LOCALIZATION_PREFERS_STRING_CATALOGS = YES;
				MTL_ENABLE_DEBUG_INFO = INCLUDE_SOURCE;
				MTL_FAST_MATH = YES;
				ONLY_ACTIVE_ARCH = YES;
				SDKROOT = iphoneos;
				SWIFT_ACTIVE_COMPILATION_CONDITIONS = "DEBUG $(inherited)";
				SWIFT_OPTIMIZATION_LEVEL = "-Onone";
			};
			name = Debug;
		};
		690EAAFB2D15276900411DCB /* Release */ = {
			isa = XCBuildConfiguration;
			buildSettings = {
				ALWAYS_SEARCH_USER_PATHS = NO;
				ASSETCATALOG_COMPILER_GENERATE_SWIFT_ASSET_SYMBOL_EXTENSIONS = YES;
				CLANG_ANALYZER_NONNULL = YES;
				CLANG_ANALYZER_NUMBER_OBJECT_CONVERSION = YES_AGGRESSIVE;
				CLANG_CXX_LANGUAGE_STANDARD = "gnu++20";
				CLANG_ENABLE_MODULES = YES;
				CLANG_ENABLE_OBJC_ARC = YES;
				CLANG_ENABLE_OBJC_WEAK = YES;
				CLANG_WARN_BLOCK_CAPTURE_AUTORELEASING = YES;
				CLANG_WARN_BOOL_CONVERSION = YES;
				CLANG_WARN_COMMA = YES;
				CLANG_WARN_CONSTANT_CONVERSION = YES;
				CLANG_WARN_DEPRECATED_OBJC_IMPLEMENTATIONS = YES;
				CLANG_WARN_DIRECT_OBJC_ISA_USAGE = YES_ERROR;
				CLANG_WARN_DOCUMENTATION_COMMENTS = YES;
				CLANG_WARN_EMPTY_BODY = YES;
				CLANG_WARN_ENUM_CONVERSION = YES;
				CLANG_WARN_INFINITE_RECURSION = YES;
				CLANG_WARN_INT_CONVERSION = YES;
				CLANG_WARN_NON_LITERAL_NULL_CONVERSION = YES;
				CLANG_WARN_OBJC_IMPLICIT_RETAIN_SELF = YES;
				CLANG_WARN_OBJC_LITERAL_CONVERSION = YES;
				CLANG_WARN_OBJC_ROOT_CLASS = YES_ERROR;
				CLANG_WARN_QUOTED_INCLUDE_IN_FRAMEWORK_HEADER = YES;
				CLANG_WARN_RANGE_LOOP_ANALYSIS = YES;
				CLANG_WARN_STRICT_PROTOTYPES = YES;
				CLANG_WARN_SUSPICIOUS_MOVE = YES;
				CLANG_WARN_UNGUARDED_AVAILABILITY = YES_AGGRESSIVE;
				CLANG_WARN_UNREACHABLE_CODE = YES;
				CLANG_WARN__DUPLICATE_METHOD_MATCH = YES;
				COPY_PHASE_STRIP = NO;
				DEBUG_INFORMATION_FORMAT = "dwarf-with-dsym";
				ENABLE_NS_ASSERTIONS = NO;
				ENABLE_STRICT_OBJC_MSGSEND = YES;
				ENABLE_USER_SCRIPT_SANDBOXING = YES;
				GCC_C_LANGUAGE_STANDARD = gnu17;
				GCC_NO_COMMON_BLOCKS = YES;
				GCC_WARN_64_TO_32_BIT_CONVERSION = YES;
				GCC_WARN_ABOUT_RETURN_TYPE = YES_ERROR;
				GCC_WARN_UNDECLARED_SELECTOR = YES;
				GCC_WARN_UNINITIALIZED_AUTOS = YES_AGGRESSIVE;
				GCC_WARN_UNUSED_FUNCTION = YES;
				GCC_WARN_UNUSED_VARIABLE = YES;
				IPHONEOS_DEPLOYMENT_TARGET = 18.1;
				LOCALIZATION_PREFERS_STRING_CATALOGS = YES;
				MTL_ENABLE_DEBUG_INFO = NO;
				MTL_FAST_MATH = YES;
				SDKROOT = iphoneos;
				SWIFT_COMPILATION_MODE = wholemodule;
				VALIDATE_PRODUCT = YES;
			};
			name = Release;
		};
/* End XCBuildConfiguration section */

/* Begin XCConfigurationList section */
		690EAADF2D15276600411DCB /* Build configuration list for PBXProject "ChatAppSB" */ = {
			isa = XCConfigurationList;
			buildConfigurations = (
				690EAAFA2D15276900411DCB /* Debug */,
				690EAAFB2D15276900411DCB /* Release */,
			);
			defaultConfigurationIsVisible = 0;
			defaultConfigurationName = Release;
		};
		690EAAF72D15276900411DCB /* Build configuration list for PBXNativeTarget "ChatAppSB" */ = {
			isa = XCConfigurationList;
			buildConfigurations = (
				690EAAF82D15276900411DCB /* Debug */,
				690EAAF92D15276900411DCB /* Release */,
			);
			defaultConfigurationIsVisible = 0;
			defaultConfigurationName = Release;
		};
/* End XCConfigurationList section */

/* Begin XCRemoteSwiftPackageReference section */
		690614672D1BCB4B009C46CC /* XCRemoteSwiftPackageReference "GoogleSignIn-iOS" */ = {
			isa = XCRemoteSwiftPackageReference;
			repositoryURL = "https://github.com/google/GoogleSignIn-iOS";
			requirement = {
				kind = upToNextMajorVersion;
				minimumVersion = 8.0.0;
			};
		};
		697BA6402D1AFD0A0069BBC6 /* XCRemoteSwiftPackageReference "SDWebImage" */ = {
			isa = XCRemoteSwiftPackageReference;
			repositoryURL = "https://github.com/SDWebImage/SDWebImage";
			requirement = {
				kind = upToNextMajorVersion;
				minimumVersion = 5.20.0;
			};
		};
		69920BA52D1B33E900E91365 /* XCRemoteSwiftPackageReference "JGProgressHUD" */ = {
			isa = XCRemoteSwiftPackageReference;
			repositoryURL = "https://github.com/JonasGessner/JGProgressHUD";
			requirement = {
				kind = upToNextMajorVersion;
				minimumVersion = 2.2.0;
			};
		};
		69AEA41F2D19BF970007F806 /* XCRemoteSwiftPackageReference "firebase-ios-sdk" */ = {
			isa = XCRemoteSwiftPackageReference;
			repositoryURL = "https://github.com/firebase/firebase-ios-sdk";
			requirement = {
				kind = upToNextMajorVersion;
				minimumVersion = 11.6.0;
			};
		};
/* End XCRemoteSwiftPackageReference section */

/* Begin XCSwiftPackageProductDependency section */
		690614682D1BCB4B009C46CC /* GoogleSignIn */ = {
			isa = XCSwiftPackageProductDependency;
			package = 690614672D1BCB4B009C46CC /* XCRemoteSwiftPackageReference "GoogleSignIn-iOS" */;
			productName = GoogleSignIn;
		};
		6906146A2D1BCB4B009C46CC /* GoogleSignInSwift */ = {
			isa = XCSwiftPackageProductDependency;
			package = 690614672D1BCB4B009C46CC /* XCRemoteSwiftPackageReference "GoogleSignIn-iOS" */;
			productName = GoogleSignInSwift;
		};
		697BA6412D1AFD0A0069BBC6 /* SDWebImage */ = {
			isa = XCSwiftPackageProductDependency;
			package = 697BA6402D1AFD0A0069BBC6 /* XCRemoteSwiftPackageReference "SDWebImage" */;
			productName = SDWebImage;
		};
		698A21D42D1B039900123CE3 /* FirebaseAnalytics */ = {
			isa = XCSwiftPackageProductDependency;
			package = 69AEA41F2D19BF970007F806 /* XCRemoteSwiftPackageReference "firebase-ios-sdk" */;
			productName = FirebaseAnalytics;
		};
		698A21D62D1B03A000123CE3 /* FirebaseAnalyticsOnDeviceConversion */ = {
			isa = XCSwiftPackageProductDependency;
			package = 69AEA41F2D19BF970007F806 /* XCRemoteSwiftPackageReference "firebase-ios-sdk" */;
			productName = FirebaseAnalyticsOnDeviceConversion;
		};
		698A21D82D1B03A000123CE3 /* FirebaseAnalyticsWithoutAdIdSupport */ = {
			isa = XCSwiftPackageProductDependency;
			package = 69AEA41F2D19BF970007F806 /* XCRemoteSwiftPackageReference "firebase-ios-sdk" */;
			productName = FirebaseAnalyticsWithoutAdIdSupport;
		};
		698A21DA2D1B03A000123CE3 /* FirebaseAppCheck */ = {
			isa = XCSwiftPackageProductDependency;
			package = 69AEA41F2D19BF970007F806 /* XCRemoteSwiftPackageReference "firebase-ios-sdk" */;
			productName = FirebaseAppCheck;
		};
		698A21DC2D1B03A000123CE3 /* FirebaseAppDistribution-Beta */ = {
			isa = XCSwiftPackageProductDependency;
			package = 69AEA41F2D19BF970007F806 /* XCRemoteSwiftPackageReference "firebase-ios-sdk" */;
			productName = "FirebaseAppDistribution-Beta";
		};
		698A21DE2D1B03A000123CE3 /* FirebaseAuth */ = {
			isa = XCSwiftPackageProductDependency;
			package = 69AEA41F2D19BF970007F806 /* XCRemoteSwiftPackageReference "firebase-ios-sdk" */;
			productName = FirebaseAuth;
		};
		698A21E02D1B03A000123CE3 /* FirebaseAuthCombine-Community */ = {
			isa = XCSwiftPackageProductDependency;
			package = 69AEA41F2D19BF970007F806 /* XCRemoteSwiftPackageReference "firebase-ios-sdk" */;
			productName = "FirebaseAuthCombine-Community";
		};
		698A21E22D1B03A000123CE3 /* FirebaseCore */ = {
			isa = XCSwiftPackageProductDependency;
			package = 69AEA41F2D19BF970007F806 /* XCRemoteSwiftPackageReference "firebase-ios-sdk" */;
			productName = FirebaseCore;
		};
		698A21E42D1B03A000123CE3 /* FirebaseCrashlytics */ = {
			isa = XCSwiftPackageProductDependency;
			package = 69AEA41F2D19BF970007F806 /* XCRemoteSwiftPackageReference "firebase-ios-sdk" */;
			productName = FirebaseCrashlytics;
		};
		698A21E62D1B03A000123CE3 /* FirebaseDatabase */ = {
			isa = XCSwiftPackageProductDependency;
			package = 69AEA41F2D19BF970007F806 /* XCRemoteSwiftPackageReference "firebase-ios-sdk" */;
			productName = FirebaseDatabase;
		};
		698A21E82D1B03A000123CE3 /* FirebaseDynamicLinks */ = {
			isa = XCSwiftPackageProductDependency;
			package = 69AEA41F2D19BF970007F806 /* XCRemoteSwiftPackageReference "firebase-ios-sdk" */;
			productName = FirebaseDynamicLinks;
		};
		698A21EA2D1B03A000123CE3 /* FirebaseFirestore */ = {
			isa = XCSwiftPackageProductDependency;
			package = 69AEA41F2D19BF970007F806 /* XCRemoteSwiftPackageReference "firebase-ios-sdk" */;
			productName = FirebaseFirestore;
		};
		698A21EC2D1B03A000123CE3 /* FirebaseFirestoreCombine-Community */ = {
			isa = XCSwiftPackageProductDependency;
			package = 69AEA41F2D19BF970007F806 /* XCRemoteSwiftPackageReference "firebase-ios-sdk" */;
			productName = "FirebaseFirestoreCombine-Community";
		};
		698A21EE2D1B03A000123CE3 /* FirebaseFunctions */ = {
			isa = XCSwiftPackageProductDependency;
			package = 69AEA41F2D19BF970007F806 /* XCRemoteSwiftPackageReference "firebase-ios-sdk" */;
			productName = FirebaseFunctions;
		};
		698A21F02D1B03A000123CE3 /* FirebaseFunctionsCombine-Community */ = {
			isa = XCSwiftPackageProductDependency;
			package = 69AEA41F2D19BF970007F806 /* XCRemoteSwiftPackageReference "firebase-ios-sdk" */;
			productName = "FirebaseFunctionsCombine-Community";
		};
		698A21F22D1B03A000123CE3 /* FirebaseInAppMessaging-Beta */ = {
			isa = XCSwiftPackageProductDependency;
			package = 69AEA41F2D19BF970007F806 /* XCRemoteSwiftPackageReference "firebase-ios-sdk" */;
			productName = "FirebaseInAppMessaging-Beta";
		};
		698A21F42D1B03A000123CE3 /* FirebaseInstallations */ = {
			isa = XCSwiftPackageProductDependency;
			package = 69AEA41F2D19BF970007F806 /* XCRemoteSwiftPackageReference "firebase-ios-sdk" */;
			productName = FirebaseInstallations;
		};
		698A21F62D1B03A000123CE3 /* FirebaseMLModelDownloader */ = {
			isa = XCSwiftPackageProductDependency;
			package = 69AEA41F2D19BF970007F806 /* XCRemoteSwiftPackageReference "firebase-ios-sdk" */;
			productName = FirebaseMLModelDownloader;
		};
		698A21F82D1B03A000123CE3 /* FirebaseMessaging */ = {
			isa = XCSwiftPackageProductDependency;
			package = 69AEA41F2D19BF970007F806 /* XCRemoteSwiftPackageReference "firebase-ios-sdk" */;
			productName = FirebaseMessaging;
		};
		698A21FA2D1B03A000123CE3 /* FirebasePerformance */ = {
			isa = XCSwiftPackageProductDependency;
			package = 69AEA41F2D19BF970007F806 /* XCRemoteSwiftPackageReference "firebase-ios-sdk" */;
			productName = FirebasePerformance;
		};
		698A21FC2D1B03A000123CE3 /* FirebaseRemoteConfig */ = {
			isa = XCSwiftPackageProductDependency;
			package = 69AEA41F2D19BF970007F806 /* XCRemoteSwiftPackageReference "firebase-ios-sdk" */;
			productName = FirebaseRemoteConfig;
		};
		698A21FE2D1B03A000123CE3 /* FirebaseStorage */ = {
			isa = XCSwiftPackageProductDependency;
			package = 69AEA41F2D19BF970007F806 /* XCRemoteSwiftPackageReference "firebase-ios-sdk" */;
			productName = FirebaseStorage;
		};
		698A22002D1B03A000123CE3 /* FirebaseStorageCombine-Community */ = {
			isa = XCSwiftPackageProductDependency;
			package = 69AEA41F2D19BF970007F806 /* XCRemoteSwiftPackageReference "firebase-ios-sdk" */;
			productName = "FirebaseStorageCombine-Community";
		};
		698A22022D1B03A000123CE3 /* FirebaseVertexAI */ = {
			isa = XCSwiftPackageProductDependency;
			package = 69AEA41F2D19BF970007F806 /* XCRemoteSwiftPackageReference "firebase-ios-sdk" */;
			productName = FirebaseVertexAI;
		};
		698A22062D1B03A000123CE3 /* SDWebImage */ = {
			isa = XCSwiftPackageProductDependency;
			package = 697BA6402D1AFD0A0069BBC6 /* XCRemoteSwiftPackageReference "SDWebImage" */;
			productName = SDWebImage;
		};
		698A22082D1B03A000123CE3 /* SDWebImageMapKit */ = {
			isa = XCSwiftPackageProductDependency;
			package = 697BA6402D1AFD0A0069BBC6 /* XCRemoteSwiftPackageReference "SDWebImage" */;
			productName = SDWebImageMapKit;
		};
		69920BA62D1B33E900E91365 /* JGProgressHUD */ = {
			isa = XCSwiftPackageProductDependency;
			package = 69920BA52D1B33E900E91365 /* XCRemoteSwiftPackageReference "JGProgressHUD" */;
			productName = JGProgressHUD;
		};
		69AEA4202D19BF970007F806 /* FirebaseAuth */ = {
			isa = XCSwiftPackageProductDependency;
			package = 69AEA41F2D19BF970007F806 /* XCRemoteSwiftPackageReference "firebase-ios-sdk" */;
			productName = FirebaseAuth;
		};
		69AEA4222D19BF970007F806 /* FirebaseCore */ = {
			isa = XCSwiftPackageProductDependency;
			package = 69AEA41F2D19BF970007F806 /* XCRemoteSwiftPackageReference "firebase-ios-sdk" */;
			productName = FirebaseCore;
		};
		69AEA4242D19BF970007F806 /* FirebaseDatabase */ = {
			isa = XCSwiftPackageProductDependency;
			package = 69AEA41F2D19BF970007F806 /* XCRemoteSwiftPackageReference "firebase-ios-sdk" */;
			productName = FirebaseDatabase;
		};
		69AEA4262D19BF970007F806 /* FirebaseFirestore */ = {
			isa = XCSwiftPackageProductDependency;
			package = 69AEA41F2D19BF970007F806 /* XCRemoteSwiftPackageReference "firebase-ios-sdk" */;
			productName = FirebaseFirestore;
		};
		69AEA4282D19BF970007F806 /* FirebaseInAppMessaging-Beta */ = {
			isa = XCSwiftPackageProductDependency;
			package = 69AEA41F2D19BF970007F806 /* XCRemoteSwiftPackageReference "firebase-ios-sdk" */;
			productName = "FirebaseInAppMessaging-Beta";
		};
		69AEA42A2D19BF970007F806 /* FirebaseMessaging */ = {
			isa = XCSwiftPackageProductDependency;
			package = 69AEA41F2D19BF970007F806 /* XCRemoteSwiftPackageReference "firebase-ios-sdk" */;
			productName = FirebaseMessaging;
		};
		69AEA42C2D19BF970007F806 /* FirebaseStorage */ = {
			isa = XCSwiftPackageProductDependency;
			package = 69AEA41F2D19BF970007F806 /* XCRemoteSwiftPackageReference "firebase-ios-sdk" */;
			productName = FirebaseStorage;
		};
/* End XCSwiftPackageProductDependency section */
	};
	rootObject = 690EAADC2D15276600411DCB /* Project object */;
}
